{
  "name": "221227_gpx-analyzer",
  "lockfileVersion": 2,
  "requires": true,
  "packages": {
    "": {
      "dependencies": {
        "chartist-plugin-tooltips": "^0.0.17"
      }
    },
    "node_modules/chartist-plugin-tooltips": {
      "version": "0.0.17",
      "resolved": "https://registry.npmjs.org/chartist-plugin-tooltips/-/chartist-plugin-tooltips-0.0.17.tgz",
      "integrity": "sha512-frXv269MyRHfuhyZILdTTsNG4PP3+Ab0NkysdnMk73aN4w76oWarsGguuciYzZawKrctp8RZzU/W44A4+Y4vOg==",
      "engines": {
        "node": ">=0.10.0"
      }
    }
  },
  "dependencies": {
    "chartist-plugin-tooltips": {
      "version": "0.0.17",
      "resolved": "https://registry.npmjs.org/chartist-plugin-tooltips/-/chartist-plugin-tooltips-0.0.17.tgz",
      "integrity": "sha512-frXv269MyRHfuhyZILdTTsNG4PP3+Ab0NkysdnMk73aN4w76oWarsGguuciYzZawKrctp8RZzU/W44A4+Y4vOg=="
    }
  }
}
