{
  "name": "221227_gpx-analyzer",
  "lockfileVersion": 2,
  "requires": true,
  "packages": {
    "": {
      "dependencies": {
        "@zip.js/zip.js": "^2.6.61"
      }
    },
    "node_modules/@zip.js/zip.js": {
      "version": "2.6.61",
      "resolved": "https://registry.npmjs.org/@zip.js/zip.js/-/zip.js-2.6.61.tgz",
      "integrity": "sha512-3zBN4zSTXUTz0vFzSnVV76a1tNVBj5cH6rSRDGpYzY95P6JQkepN0puXgtUqLHMTsnfGbwnpG1yVO93RH3xQ1g==",
      "engines": {
        "deno": ">=1.0.0",
        "node": ">=16.5.0"
      }
    }
  },
  "dependencies": {
    "@zip.js/zip.js": {
      "version": "2.6.61",
      "resolved": "https://registry.npmjs.org/@zip.js/zip.js/-/zip.js-2.6.61.tgz",
      "integrity": "sha512-3zBN4zSTXUTz0vFzSnVV76a1tNVBj5cH6rSRDGpYzY95P6JQkepN0puXgtUqLHMTsnfGbwnpG1yVO93RH3xQ1g=="
    }
  }
}
